// !$*UTF8*$!
{
	archiveVersion = 1;
	classes = {
	};
	objectVersion = 50;
	objects = {

/* Begin PBXBuildFile section */
		86436B00256781E8003A87D8 /* AppDelegate.swift in Sources */ = {isa = PBXBuildFile; fileRef = 86436AFF256781E8003A87D8 /* AppDelegate.swift */; };
		86436B02256781E8003A87D8 /* SceneDelegate.swift in Sources */ = {isa = PBXBuildFile; fileRef = 86436B01256781E8003A87D8 /* SceneDelegate.swift */; };
		86436B04256781E8003A87D8 /* ViewController.swift in Sources */ = {isa = PBXBuildFile; fileRef = 86436B03256781E8003A87D8 /* ViewController.swift */; };
		86436B07256781E8003A87D8 /* Main.storyboard in Resources */ = {isa = PBXBuildFile; fileRef = 86436B05256781E8003A87D8 /* Main.storyboard */; };
		86436B09256781EF003A87D8 /* Assets.xcassets in Resources */ = {isa = PBXBuildFile; fileRef = 86436B08256781EF003A87D8 /* Assets.xcassets */; };
		86436B0C256781EF003A87D8 /* LaunchScreen.storyboard in Resources */ = {isa = PBXBuildFile; fileRef = 86436B0A256781EF003A87D8 /* LaunchScreen.storyboard */; };
/* End PBXBuildFile section */

/* Begin PBXFileReference section */
		86436AFC256781E8003A87D8 /* WebviewSec10.app */ = {isa = PBXFileReference; explicitFileType = wrapper.application; includeInIndex = 0; path = WebviewSec10.app; sourceTree = BUILT_PRODUCTS_DIR; };
		86436AFF256781E8003A87D8 /* AppDelegate.swift */ = {isa = PBXFileReference; lastKnownFileType = sourcecode.swift; path = AppDelegate.swift; sourceTree = "<group>"; };
		86436B01256781E8003A87D8 /* SceneDelegate.swift */ = {isa = PBXFileReference; lastKnownFileType = sourcecode.swift; path = SceneDelegate.swift; sourceTree = "<group>"; };
		86436B03256781E8003A87D8 /* ViewController.swift */ = {isa = PBXFileReference; lastKnownFileType = sourcecode.swift; path = ViewController.swift; sourceTree = "<group>"; };
		86436B06256781E8003A87D8 /* Base */ = {isa = PBXFileReference; lastKnownFileType = file.storyboard; name = Base; path = Base.lproj/Main.storyboard; sourceTree = "<group>"; };
		86436B08256781EF003A87D8 /* Assets.xcassets */ = {isa = PBXFileReference; lastKnownFileType = folder.assetcatalog; path = Assets.xcassets; sourceTree = "<group>"; };
		86436B0B256781EF003A87D8 /* Base */ = {isa = PBXFileReference; lastKnownFileType = file.storyboard; name = Base; path = Base.lproj/LaunchScreen.storyboard; sourceTree = "<group>"; };
		86436B0D256781EF003A87D8 /* Info.plist */ = {isa = PBXFileReference; lastKnownFileType = text.plist.xml; path = Info.plist; sourceTree = "<group>"; };
/* End PBXFileReference section */

/* Begin PBXFrameworksBuildPhase section */
		86436AF9256781E8003A87D8 /* Frameworks */ = {
			isa = PBXFrameworksBuildPhase;
			buildActionMask = 2147483647;
			files = (
			);
			runOnlyForDeploymentPostprocessing = 0;
		};
/* End PBXFrameworksBuildPhase section */

/* Begin PBXGroup section */
		86436AF3256781E8003A87D8 = {
			isa = PBXGroup;
			children = (
				86436AFE256781E8003A87D8 /* WebviewSec10 */,
				86436AFD256781E8003A87D8 /* Products */,
			);
			sourceTree = "<group>";
		};
		86436AFD256781E8003A87D8 /* Products */ = {
			isa = PBXGroup;
			children = (
				86436AFC256781E8003A87D8 /* WebviewSec10.app */,
			);
			name = Products;
			sourceTree = "<group>";
		};
		86436AFE256781E8003A87D8 /* WebviewSec10 */ = {
			isa = PBXGroup;
			children = (
				86436AFF256781E8003A87D8 /* AppDelegate.swift */,
				86436B01256781E8003A87D8 /* SceneDelegate.swift */,
				86436B03256781E8003A87D8 /* ViewController.swift */,
				86436B05256781E8003A87D8 /* Main.storyboard */,
				86436B08256781EF003A87D8 /* Assets.xcassets */,
				86436B0A256781EF003A87D8 /* LaunchScreen.storyboard */,
				86436B0D256781EF003A87D8 /* Info.plist */,
			);
			path = WebviewSec10;
			sourceTree = "<group>";
		};
/* End PBXGroup section */

/* Begin PBXNativeTarget section */
		86436AFB256781E8003A87D8 /* WebviewSec10 */ = {
			isa = PBXNativeTarget;
			buildConfigurationList = 86436B10256781EF003A87D8 /* Build configuration list for PBXNativeTarget "WebviewSec10" */;
			buildPhases = (
				86436AF8256781E8003A87D8 /* Sources */,
				86436AF9256781E8003A87D8 /* Frameworks */,
				86436AFA256781E8003A87D8 /* Resources */,
			);
			buildRules = (
			);
			dependencies = (
			);
			name = WebviewSec10;
			productName = WebviewSec10;
			productReference = 86436AFC256781E8003A87D8 /* WebviewSec10.app */;
			productType = "com.apple.product-type.application";
		};
/* End PBXNativeTarget section */

/* Begin PBXProject section */
		86436AF4256781E8003A87D8 /* Project object */ = {
			isa = PBXProject;
			attributes = {
				LastSwiftUpdateCheck = 1130;
				LastUpgradeCheck = 1130;
				ORGANIZATIONNAME = training;
				TargetAttributes = {
					86436AFB256781E8003A87D8 = {
						CreatedOnToolsVersion = 11.3.1;
					};
				};
			};
			buildConfigurationList = 86436AF7256781E8003A87D8 /* Build configuration list for PBXProject "WebviewSec10" */;
			compatibilityVersion = "Xcode 9.3";
			developmentRegion = en;
			hasScannedForEncodings = 0;
			knownRegions = (
				en,
				Base,
			);
			mainGroup = 86436AF3256781E8003A87D8;
			productRefGroup = 86436AFD256781E8003A87D8 /* Products */;
			projectDirPath = "";
			projectRoot = "";
			targets = (
				86436AFB256781E8003A87D8 /* WebviewSec10 */,
			);
		};
/* End PBXProject section */

/* Begin PBXResourcesBuildPhase section */
		86436AFA256781E8003A87D8 /* Resources */ = {
			isa = PBXResourcesBuildPhase;
			buildActionMask = 2147483647;
			files = (
				86436B0C256781EF003A87D8 /* LaunchScreen.storyboard in Resources */,
				86436B09256781EF003A87D8 /* Assets.xcassets in Resources */,
				86436B07256781E8003A87D8 /* Main.storyboard in Resources */,
			);
			runOnlyForDeploymentPostprocessing = 0;
		};
/* End PBXResourcesBuildPhase section */

/* Begin PBXSourcesBuildPhase section */
		86436AF8256781E8003A87D8 /* Sources */ = {
			isa = PBXSourcesBuildPhase;
			buildActionMask = 2147483647;
			files = (
				86436B04256781E8003A87D8 /* ViewController.swift in Sources */,
				86436B00256781E8003A87D8 /* AppDelegate.swift in Sources */,
				86436B02256781E8003A87D8 /* SceneDelegate.swift in Sources */,
			);
			runOnlyForDeploymentPostprocessing = 0;
		};
/* End PBXSourcesBuildPhase section */

/* Begin PBXVariantGroup section */
		86436B05256781E8003A87D8 /* Main.storyboard */ = {
			isa = PBXVariantGroup;
			children = (
				86436B06256781E8003A87D8 /* Base */,
			);
			name = Main.storyboard;
			sourceTree = "<group>";
		};
		86436B0A256781EF003A87D8 /* LaunchScreen.storyboard */ = {
			isa = PBXVariantGroup;
			children = (
				86436B0B256781EF003A87D8 /* Base */,
			);
			name = LaunchScreen.storyboard;
			sourceTree = "<group>";
		};
/* End PBXVariantGroup section */

/* Begin XCBuildConfiguration section */
		86436B0E256781EF003A87D8 /* Debug */ = {
			isa = XCBuildConfiguration;
			buildSettings = {
				ALWAYS_SEARCH_USER_PATHS = NO;
				CLANG_ANALYZER_NONNULL = YES;
				CLANG_ANALYZER_NUMBER_OBJECT_CONVERSION = YES_AGGRESSIVE;
				CLANG_CXX_LANGUAGE_STANDARD = "gnu++14";
				CLANG_CXX_LIBRARY = "libc++";
				CLANG_ENABLE_MODULES = YES;
				CLANG_ENABLE_OBJC_ARC = YES;
				CLANG_ENABLE_OBJC_WEAK = YES;
				CLANG_WARN_BLOCK_CAPTURE_AUTORELEASING = YES;
				CLANG_WARN_BOOL_CONVERSION = YES;
				CLANG_WARN_COMMA = YES;
				CLANG_WARN_CONSTANT_CONVERSION = YES;
				CLANG_WARN_DEPRECATED_OBJC_IMPLEMENTATIONS = YES;
				CLANG_WARN_DIRECT_OBJC_ISA_USAGE = YES_ERROR;
				CLANG_WARN_DOCUMENTATION_COMMENTS = YES;
				CLANG_WARN_EMPTY_BODY = YES;
				CLANG_WARN_ENUM_CONVERSION = YES;
				CLANG_WARN_INFINITE_RECURSION = YES;
				CLANG_WARN_INT_CONVERSION = YES;
				CLANG_WARN_NON_LITERAL_NULL_CONVERSION = YES;
				CLANG_WARN_OBJC_IMPLICIT_RETAIN_SELF = YES;
				CLANG_WARN_OBJC_LITERAL_CONVERSION = YES;
				CLANG_WARN_OBJC_ROOT_CLASS = YES_ERROR;
				CLANG_WARN_RANGE_LOOP_ANALYSIS = YES;
				CLANG_WARN_STRICT_PROTOTYPES = YES;
				CLANG_WARN_SUSPICIOUS_MOVE = YES;
				CLANG_WARN_UNGUARDED_AVAILABILITY = YES_AGGRESSIVE;
				CLANG_WARN_UNREACHABLE_CODE = YES;
				CLANG_WARN__DUPLICATE_METHOD_MATCH = YES;
				COPY_PHASE_STRIP = NO;
				DEBUG_INFORMATION_FORMAT = dwarf;
				ENABLE_STRICT_OBJC_MSGSEND = YES;
				ENABLE_TESTABILITY = YES;
				GCC_C_LANGUAGE_STANDARD = gnu11;
				GCC_DYNAMIC_NO_PIC = NO;
				GCC_NO_COMMON_BLOCKS = YES;
				GCC_OPTIMIZATION_LEVEL = 0;
				GCC_PREPROCESSOR_DEFINITIONS = (
					"DEBUG=1",
					"$(inherited)",
				);
				GCC_WARN_64_TO_32_BIT_CONVERSION = YES;
				GCC_WARN_ABOUT_RETURN_TYPE = YES_ERROR;
				GCC_WARN_UNDECLARED_SELECTOR = YES;
				GCC_WARN_UNINITIALIZED_AUTOS = YES_AGGRESSIVE;
				GCC_WARN_UNUSED_FUNCTION = YES;
				GCC_WARN_UNUSED_VARIABLE = YES;
				IPHONEOS_DEPLOYMENT_TARGET = 13.2;
				MTL_ENABLE_DEBUG_INFO = INCLUDE_SOURCE;
				MTL_FAST_MATH = YES;
				ONLY_ACTIVE_ARCH = YES;
				SDKROOT = iphoneos;
				SWIFT_ACTIVE_COMPILATION_CONDITIONS = DEBUG;
				SWIFT_OPTIMIZATION_LEVEL = "-Onone";
			};
			name = Debug;
		};
		86436B0F256781EF003A87D8 /* Release */ = {
			isa = XCBuildConfiguration;
			buildSettings = {
				ALWAYS_SEARCH_USER_PATHS = NO;
				CLANG_ANALYZER_NONNULL = YES;
				CLANG_ANALYZER_NUMBER_OBJECT_CONVERSION = YES_AGGRESSIVE;
				CLANG_CXX_LANGUAGE_STANDARD = "gnu++14";
				CLANG_CXX_LIBRARY = "libc++";
				CLANG_ENABLE_MODULES = YES;
				CLANG_ENABLE_OBJC_ARC = YES;
				CLANG_ENABLE_OBJC_WEAK = YES;
				CLANG_WARN_BLOCK_CAPTURE_AUTORELEASING = YES;
				CLANG_WARN_BOOL_CONVERSION = YES;
				CLANG_WARN_COMMA = YES;
				CLANG_WARN_CONSTANT_CONVERSION = YES;
				CLANG_WARN_DEPRECATED_OBJC_IMPLEMENTATIONS = YES;
				CLANG_WARN_DIRECT_OBJC_ISA_USAGE = YES_ERROR;
				CLANG_WARN_DOCUMENTATION_COMMENTS = YES;
				CLANG_WARN_EMPTY_BODY = YES;
				CLANG_WARN_ENUM_CONVERSION = YES;
				CLANG_WARN_INFINITE_RECURSION = YES;
				CLANG_WARN_INT_CONVERSION = YES;
				CLANG_WARN_NON_LITERAL_NULL_CONVERSION = YES;
				CLANG_WARN_OBJC_IMPLICIT_RETAIN_SELF = YES;
				CLANG_WARN_OBJC_LITERAL_CONVERSION = YES;
				CLANG_WARN_OBJC_ROOT_CLASS = YES_ERROR;
				CLANG_WARN_RANGE_LOOP_ANALYSIS = YES;
				CLANG_WARN_STRICT_PROTOTYPES = YES;
				CLANG_WARN_SUSPICIOUS_MOVE = YES;
				CLANG_WARN_UNGUARDED_AVAILABILITY = YES_AGGRESSIVE;
				CLANG_WARN_UNREACHABLE_CODE = YES;
				CLANG_WARN__DUPLICATE_METHOD_MATCH = YES;
				COPY_PHASE_STRIP = NO;
				DEBUG_INFORMATION_FORMAT = "dwarf-with-dsym";
				ENABLE_NS_ASSERTIONS = NO;
				ENABLE_STRICT_OBJC_MSGSEND = YES;
				GCC_C_LANGUAGE_STANDARD = gnu11;
				GCC_NO_COMMON_BLOCKS = YES;
				GCC_WARN_64_TO_32_BIT_CONVERSION = YES;
				GCC_WARN_ABOUT_RETURN_TYPE = YES_ERROR;
				GCC_WARN_UNDECLARED_SELECTOR = YES;
				GCC_WARN_UNINITIALIZED_AUTOS = YES_AGGRESSIVE;
				GCC_WARN_UNUSED_FUNCTION = YES;
				GCC_WARN_UNUSED_VARIABLE = YES;
				IPHONEOS_DEPLOYMENT_TARGET = 13.2;
				MTL_ENABLE_DEBUG_INFO = NO;
				MTL_FAST_MATH = YES;
				SDKROOT = iphoneos;
				SWIFT_COMPILATION_MODE = wholemodule;
				SWIFT_OPTIMIZATION_LEVEL = "-O";
				VALIDATE_PRODUCT = YES;
			};
			name = Release;
		};
		86436B11256781EF003A87D8 /* Debug */ = {
			isa = XCBuildConfiguration;
			buildSettings = {
				ASSETCATALOG_COMPILER_APPICON_NAME = AppIcon;
				CODE_SIGN_STYLE = Automatic;
				DEVELOPMENT_TEAM = L6A5VT8J9W;
				INFOPLIST_FILE = WebviewSec10/Info.plist;
				LD_RUNPATH_SEARCH_PATHS = (
					"$(inherited)",
					"@executable_path/Frameworks",
				);
				PRODUCT_BUNDLE_IDENTIFIER = com.training.WebviewSec10;
				PRODUCT_NAME = "$(TARGET_NAME)";
				SWIFT_VERSION = 5.0;
				TARGETED_DEVICE_FAMILY = 1;
			};
			name = Debug;
		};
		86436B12256781EF003A87D8 /* Release */ = {
			isa = XCBuildConfiguration;
			buildSettings = {
				ASSETCATALOG_COMPILER_APPICON_NAME = AppIcon;
				CODE_SIGN_STYLE = Automatic;
				DEVELOPMENT_TEAM = L6A5VT8J9W;
				INFOPLIST_FILE = WebviewSec10/Info.plist;
				LD_RUNPATH_SEARCH_PATHS = (
					"$(inherited)",
					"@executable_path/Frameworks",
				);
				PRODUCT_BUNDLE_IDENTIFIER = com.training.WebviewSec10;
				PRODUCT_NAME = "$(TARGET_NAME)";
				SWIFT_VERSION = 5.0;
				TARGETED_DEVICE_FAMILY = 1;
			};
			name = Release;
		};
/* End XCBuildConfiguration section */

/* Begin XCConfigurationList section */
		86436AF7256781E8003A87D8 /* Build configuration list for PBXProject "WebviewSec10" */ = {
			isa = XCConfigurationList;
			buildConfigurations = (
				86436B0E256781EF003A87D8 /* Debug */,
				86436B0F256781EF003A87D8 /* Release */,
			);
			defaultConfigurationIsVisible = 0;
			defaultConfigurationName = Release;
		};
		86436B10256781EF003A87D8 /* Build configuration list for PBXNativeTarget "WebviewSec10" */ = {
			isa = XCConfigurationList;
			buildConfigurations = (
				86436B11256781EF003A87D8 /* Debug */,
				86436B12256781EF003A87D8 /* Release */,
			);
			defaultConfigurationIsVisible = 0;
			defaultConfigurationName = Release;
		};
/* End XCConfigurationList section */
	};
	rootObject = 86436AF4256781E8003A87D8 /* Project object */;
}
